
Microsoft Visual Studio Solution File, Format Version 12.00
Project("{FAE04EC0-301F-11D3-BF4B-00C04F79EFBC}") = "Ex7-Q1", "Ex7-Q1\Ex7-Q1.csproj", "{E3E8EC34-FA17-45C4-BEE1-DB84C55E2F6B}"
EndProject
Global
	GlobalSection(SolutionConfigurationPlatforms) = preSolution
		Debug|Any CPU = Debug|Any CPU
		Release|Any CPU = Release|Any CPU
	EndGlobalSection
	GlobalSection(ProjectConfigurationPlatforms) = postSolution
		{E3E8EC34-FA17-45C4-BEE1-DB84C55E2F6B}.Debug|Any CPU.ActiveCfg = Debug|Any CPU
		{E3E8EC34-FA17-45C4-BEE1-DB84C55E2F6B}.Debug|Any CPU.Build.0 = Debug|Any CPU
		{E3E8EC34-FA17-45C4-BEE1-DB84C55E2F6B}.Release|Any CPU.ActiveCfg = Release|Any CPU
		{E3E8EC34-FA17-45C4-BEE1-DB84C55E2F6B}.Release|Any CPU.Build.0 = Release|Any CPU
	EndGlobalSection
EndGlobal
